// !$*UTF8*$!
{
	archiveVersion = 1;
	classes = {
	};
	objectVersion = 50;
	objects = {

/* Begin PBXBuildFile section */
		180B6B002101FFC100118B3B /* AppDelegate.swift in Sources */ = {isa = PBXBuildFile; fileRef = 180B6AFF2101FFC100118B3B /* AppDelegate.swift */; };
		180B6B022101FFC100118B3B /* ViewController.swift in Sources */ = {isa = PBXBuildFile; fileRef = 180B6B012101FFC100118B3B /* ViewController.swift */; };
		180B6B052101FFC100118B3B /* Main.storyboard in Resources */ = {isa = PBXBuildFile; fileRef = 180B6B032101FFC100118B3B /* Main.storyboard */; };
		180B6B072101FFCA00118B3B /* Assets.xcassets in Resources */ = {isa = PBXBuildFile; fileRef = 180B6B062101FFCA00118B3B /* Assets.xcassets */; };
		180B6B0A2101FFCA00118B3B /* LaunchScreen.storyboard in Resources */ = {isa = PBXBuildFile; fileRef = 180B6B082101FFCA00118B3B /* LaunchScreen.storyboard */; };
		180B6B152101FFCB00118B3B /* PayUMoneyDemoTests.swift in Sources */ = {isa = PBXBuildFile; fileRef = 180B6B142101FFCB00118B3B /* PayUMoneyDemoTests.swift */; };
		180B6B202101FFCB00118B3B /* PayUMoneyDemoUITests.swift in Sources */ = {isa = PBXBuildFile; fileRef = 180B6B1F2101FFCB00118B3B /* PayUMoneyDemoUITests.swift */; };
/* End PBXBuildFile section */

/* Begin PBXContainerItemProxy section */
		180B6B112101FFCB00118B3B /* PBXContainerItemProxy */ = {
			isa = PBXContainerItemProxy;
			containerPortal = 180B6AF42101FFC100118B3B /* Project object */;
			proxyType = 1;
			remoteGlobalIDString = 180B6AFB2101FFC100118B3B;
			remoteInfo = PayUMoneyDemo;
		};
		180B6B1C2101FFCB00118B3B /* PBXContainerItemProxy */ = {
			isa = PBXContainerItemProxy;
			containerPortal = 180B6AF42101FFC100118B3B /* Project object */;
			proxyType = 1;
			remoteGlobalIDString = 180B6AFB2101FFC100118B3B;
			remoteInfo = PayUMoneyDemo;
		};
/* End PBXContainerItemProxy section */

/* Begin PBXFileReference section */
		180B6AFC2101FFC100118B3B /* PayUMoneyDemo.app */ = {isa = PBXFileReference; explicitFileType = wrapper.application; includeInIndex = 0; path = PayUMoneyDemo.app; sourceTree = BUILT_PRODUCTS_DIR; };
		180B6AFF2101FFC100118B3B /* AppDelegate.swift */ = {isa = PBXFileReference; lastKnownFileType = sourcecode.swift; path = AppDelegate.swift; sourceTree = "<group>"; };
		180B6B012101FFC100118B3B /* ViewController.swift */ = {isa = PBXFileReference; lastKnownFileType = sourcecode.swift; path = ViewController.swift; sourceTree = "<group>"; };
		180B6B042101FFC100118B3B /* Base */ = {isa = PBXFileReference; lastKnownFileType = file.storyboard; name = Base; path = Base.lproj/Main.storyboard; sourceTree = "<group>"; };
		180B6B062101FFCA00118B3B /* Assets.xcassets */ = {isa = PBXFileReference; lastKnownFileType = folder.assetcatalog; path = Assets.xcassets; sourceTree = "<group>"; };
		180B6B092101FFCA00118B3B /* Base */ = {isa = PBXFileReference; lastKnownFileType = file.storyboard; name = Base; path = Base.lproj/LaunchScreen.storyboard; sourceTree = "<group>"; };
		180B6B0B2101FFCA00118B3B /* Info.plist */ = {isa = PBXFileReference; lastKnownFileType = text.plist.xml; path = Info.plist; sourceTree = "<group>"; };
		180B6B102101FFCB00118B3B /* PayUMoneyDemoTests.xctest */ = {isa = PBXFileReference; explicitFileType = wrapper.cfbundle; includeInIndex = 0; path = PayUMoneyDemoTests.xctest; sourceTree = BUILT_PRODUCTS_DIR; };
		180B6B142101FFCB00118B3B /* PayUMoneyDemoTests.swift */ = {isa = PBXFileReference; lastKnownFileType = sourcecode.swift; path = PayUMoneyDemoTests.swift; sourceTree = "<group>"; };
		180B6B162101FFCB00118B3B /* Info.plist */ = {isa = PBXFileReference; lastKnownFileType = text.plist.xml; path = Info.plist; sourceTree = "<group>"; };
		180B6B1B2101FFCB00118B3B /* PayUMoneyDemoUITests.xctest */ = {isa = PBXFileReference; explicitFileType = wrapper.cfbundle; includeInIndex = 0; path = PayUMoneyDemoUITests.xctest; sourceTree = BUILT_PRODUCTS_DIR; };
		180B6B1F2101FFCB00118B3B /* PayUMoneyDemoUITests.swift */ = {isa = PBXFileReference; lastKnownFileType = sourcecode.swift; path = PayUMoneyDemoUITests.swift; sourceTree = "<group>"; };
		180B6B212101FFCB00118B3B /* Info.plist */ = {isa = PBXFileReference; lastKnownFileType = text.plist.xml; path = Info.plist; sourceTree = "<group>"; };
/* End PBXFileReference section */

/* Begin PBXFrameworksBuildPhase section */
		180B6AF92101FFC100118B3B /* Frameworks */ = {
			isa = PBXFrameworksBuildPhase;
			buildActionMask = 2147483647;
			files = (
			);
			runOnlyForDeploymentPostprocessing = 0;
		};
		180B6B0D2101FFCB00118B3B /* Frameworks */ = {
			isa = PBXFrameworksBuildPhase;
			buildActionMask = 2147483647;
			files = (
			);
			runOnlyForDeploymentPostprocessing = 0;
		};
		180B6B182101FFCB00118B3B /* Frameworks */ = {
			isa = PBXFrameworksBuildPhase;
			buildActionMask = 2147483647;
			files = (
			);
			runOnlyForDeploymentPostprocessing = 0;
		};
/* End PBXFrameworksBuildPhase section */

/* Begin PBXGroup section */
		180B6AF32101FFC100118B3B = {
			isa = PBXGroup;
			children = (
				180B6AFE2101FFC100118B3B /* PayUMoneyDemo */,
				180B6B132101FFCB00118B3B /* PayUMoneyDemoTests */,
				180B6B1E2101FFCB00118B3B /* PayUMoneyDemoUITests */,
				180B6AFD2101FFC100118B3B /* Products */,
			);
			sourceTree = "<group>";
		};
		180B6AFD2101FFC100118B3B /* Products */ = {
			isa = PBXGroup;
			children = (
				180B6AFC2101FFC100118B3B /* PayUMoneyDemo.app */,
				180B6B102101FFCB00118B3B /* PayUMoneyDemoTests.xctest */,
				180B6B1B2101FFCB00118B3B /* PayUMoneyDemoUITests.xctest */,
			);
			name = Products;
			sourceTree = "<group>";
		};
		180B6AFE2101FFC100118B3B /* PayUMoneyDemo */ = {
			isa = PBXGroup;
			children = (
				180B6AFF2101FFC100118B3B /* AppDelegate.swift */,
				180B6B012101FFC100118B3B /* ViewController.swift */,
				180B6B032101FFC100118B3B /* Main.storyboard */,
				180B6B062101FFCA00118B3B /* Assets.xcassets */,
				180B6B082101FFCA00118B3B /* LaunchScreen.storyboard */,
				180B6B0B2101FFCA00118B3B /* Info.plist */,
			);
			path = PayUMoneyDemo;
			sourceTree = "<group>";
		};
		180B6B132101FFCB00118B3B /* PayUMoneyDemoTests */ = {
			isa = PBXGroup;
			children = (
				180B6B142101FFCB00118B3B /* PayUMoneyDemoTests.swift */,
				180B6B162101FFCB00118B3B /* Info.plist */,
			);
			path = PayUMoneyDemoTests;
			sourceTree = "<group>";
		};
		180B6B1E2101FFCB00118B3B /* PayUMoneyDemoUITests */ = {
			isa = PBXGroup;
			children = (
				180B6B1F2101FFCB00118B3B /* PayUMoneyDemoUITests.swift */,
				180B6B212101FFCB00118B3B /* Info.plist */,
			);
			path = PayUMoneyDemoUITests;
			sourceTree = "<group>";
		};
/* End PBXGroup section */

/* Begin PBXNativeTarget section */
		180B6AFB2101FFC100118B3B /* PayUMoneyDemo */ = {
			isa = PBXNativeTarget;
			buildConfigurationList = 180B6B242101FFCB00118B3B /* Build configuration list for PBXNativeTarget "PayUMoneyDemo" */;
			buildPhases = (
				180B6AF82101FFC100118B3B /* Sources */,
				180B6AF92101FFC100118B3B /* Frameworks */,
				180B6AFA2101FFC100118B3B /* Resources */,
			);
			buildRules = (
			);
			dependencies = (
			);
			name = PayUMoneyDemo;
			productName = PayUMoneyDemo;
			productReference = 180B6AFC2101FFC100118B3B /* PayUMoneyDemo.app */;
			productType = "com.apple.product-type.application";
		};
		180B6B0F2101FFCB00118B3B /* PayUMoneyDemoTests */ = {
			isa = PBXNativeTarget;
			buildConfigurationList = 180B6B272101FFCB00118B3B /* Build configuration list for PBXNativeTarget "PayUMoneyDemoTests" */;
			buildPhases = (
				180B6B0C2101FFCB00118B3B /* Sources */,
				180B6B0D2101FFCB00118B3B /* Frameworks */,
				180B6B0E2101FFCB00118B3B /* Resources */,
			);
			buildRules = (
			);
			dependencies = (
				180B6B122101FFCB00118B3B /* PBXTargetDependency */,
			);
			name = PayUMoneyDemoTests;
			productName = PayUMoneyDemoTests;
			productReference = 180B6B102101FFCB00118B3B /* PayUMoneyDemoTests.xctest */;
			productType = "com.apple.product-type.bundle.unit-test";
		};
		180B6B1A2101FFCB00118B3B /* PayUMoneyDemoUITests */ = {
			isa = PBXNativeTarget;
			buildConfigurationList = 180B6B2A2101FFCB00118B3B /* Build configuration list for PBXNativeTarget "PayUMoneyDemoUITests" */;
			buildPhases = (
				180B6B172101FFCB00118B3B /* Sources */,
				180B6B182101FFCB00118B3B /* Frameworks */,
				180B6B192101FFCB00118B3B /* Resources */,
			);
			buildRules = (
			);
			dependencies = (
				180B6B1D2101FFCB00118B3B /* PBXTargetDependency */,
			);
			name = PayUMoneyDemoUITests;
			productName = PayUMoneyDemoUITests;
			productReference = 180B6B1B2101FFCB00118B3B /* PayUMoneyDemoUITests.xctest */;
			productType = "com.apple.product-type.bundle.ui-testing";
		};
/* End PBXNativeTarget section */

/* Begin PBXProject section */
		180B6AF42101FFC100118B3B /* Project object */ = {
			isa = PBXProject;
			attributes = {
				LastSwiftUpdateCheck = 0940;
				LastUpgradeCheck = 0940;
				ORGANIZATIONNAME = Apple;
				TargetAttributes = {
					180B6AFB2101FFC100118B3B = {
						CreatedOnToolsVersion = 9.4.1;
					};
					180B6B0F2101FFCB00118B3B = {
						CreatedOnToolsVersion = 9.4.1;
						TestTargetID = 180B6AFB2101FFC100118B3B;
					};
					180B6B1A2101FFCB00118B3B = {
						CreatedOnToolsVersion = 9.4.1;
						TestTargetID = 180B6AFB2101FFC100118B3B;
					};
				};
			};
			buildConfigurationList = 180B6AF72101FFC100118B3B /* Build configuration list for PBXProject "PayUMoneyDemo" */;
			compatibilityVersion = "Xcode 9.3";
			developmentRegion = en;
			hasScannedForEncodings = 0;
			knownRegions = (
				en,
				Base,
			);
			mainGroup = 180B6AF32101FFC100118B3B;
			productRefGroup = 180B6AFD2101FFC100118B3B /* Products */;
			projectDirPath = "";
			projectRoot = "";
			targets = (
				180B6AFB2101FFC100118B3B /* PayUMoneyDemo */,
				180B6B0F2101FFCB00118B3B /* PayUMoneyDemoTests */,
				180B6B1A2101FFCB00118B3B /* PayUMoneyDemoUITests */,
			);
		};
/* End PBXProject section */

/* Begin PBXResourcesBuildPhase section */
		180B6AFA2101FFC100118B3B /* Resources */ = {
			isa = PBXResourcesBuildPhase;
			buildActionMask = 2147483647;
			files = (
				180B6B0A2101FFCA00118B3B /* LaunchScreen.storyboard in Resources */,
				180B6B072101FFCA00118B3B /* Assets.xcassets in Resources */,
				180B6B052101FFC100118B3B /* Main.storyboard in Resources */,
			);
			runOnlyForDeploymentPostprocessing = 0;
		};
		180B6B0E2101FFCB00118B3B /* Resources */ = {
			isa = PBXResourcesBuildPhase;
			buildActionMask = 2147483647;
			files = (
			);
			runOnlyForDeploymentPostprocessing = 0;
		};
		180B6B192101FFCB00118B3B /* Resources */ = {
			isa = PBXResourcesBuildPhase;
			buildActionMask = 2147483647;
			files = (
			);
			runOnlyForDeploymentPostprocessing = 0;
		};
/* End PBXResourcesBuildPhase section */

/* Begin PBXSourcesBuildPhase section */
		180B6AF82101FFC100118B3B /* Sources */ = {
			isa = PBXSourcesBuildPhase;
			buildActionMask = 2147483647;
			files = (
				180B6B022101FFC100118B3B /* ViewController.swift in Sources */,
				180B6B002101FFC100118B3B /* AppDelegate.swift in Sources */,
			);
			runOnlyForDeploymentPostprocessing = 0;
		};
		180B6B0C2101FFCB00118B3B /* Sources */ = {
			isa = PBXSourcesBuildPhase;
			buildActionMask = 2147483647;
			files = (
				180B6B152101FFCB00118B3B /* PayUMoneyDemoTests.swift in Sources */,
			);
			runOnlyForDeploymentPostprocessing = 0;
		};
		180B6B172101FFCB00118B3B /* Sources */ = {
			isa = PBXSourcesBuildPhase;
			buildActionMask = 2147483647;
			files = (
				180B6B202101FFCB00118B3B /* PayUMoneyDemoUITests.swift in Sources */,
			);
			runOnlyForDeploymentPostprocessing = 0;
		};
/* End PBXSourcesBuildPhase section */

/* Begin PBXTargetDependency section */
		180B6B122101FFCB00118B3B /* PBXTargetDependency */ = {
			isa = PBXTargetDependency;
			target = 180B6AFB2101FFC100118B3B /* PayUMoneyDemo */;
			targetProxy = 180B6B112101FFCB00118B3B /* PBXContainerItemProxy */;
		};
		180B6B1D2101FFCB00118B3B /* PBXTargetDependency */ = {
			isa = PBXTargetDependency;
			target = 180B6AFB2101FFC100118B3B /* PayUMoneyDemo */;
			targetProxy = 180B6B1C2101FFCB00118B3B /* PBXContainerItemProxy */;
		};
/* End PBXTargetDependency section */

/* Begin PBXVariantGroup section */
		180B6B032101FFC100118B3B /* Main.storyboard */ = {
			isa = PBXVariantGroup;
			children = (
				180B6B042101FFC100118B3B /* Base */,
			);
			name = Main.storyboard;
			sourceTree = "<group>";
		};
		180B6B082101FFCA00118B3B /* LaunchScreen.storyboard */ = {
			isa = PBXVariantGroup;
			children = (
				180B6B092101FFCA00118B3B /* Base */,
			);
			name = LaunchScreen.storyboard;
			sourceTree = "<group>";
		};
/* End PBXVariantGroup section */

/* Begin XCBuildConfiguration section */
		180B6B222101FFCB00118B3B /* Debug */ = {
			isa = XCBuildConfiguration;
			buildSettings = {
				ALWAYS_SEARCH_USER_PATHS = NO;
				CLANG_ANALYZER_NONNULL = YES;
				CLANG_ANALYZER_NUMBER_OBJECT_CONVERSION = YES_AGGRESSIVE;
				CLANG_CXX_LANGUAGE_STANDARD = "gnu++14";
				CLANG_CXX_LIBRARY = "libc++";
				CLANG_ENABLE_MODULES = YES;
				CLANG_ENABLE_OBJC_ARC = YES;
				CLANG_ENABLE_OBJC_WEAK = YES;
				CLANG_WARN_BLOCK_CAPTURE_AUTORELEASING = YES;
				CLANG_WARN_BOOL_CONVERSION = YES;
				CLANG_WARN_COMMA = YES;
				CLANG_WARN_CONSTANT_CONVERSION = YES;
				CLANG_WARN_DEPRECATED_OBJC_IMPLEMENTATIONS = YES;
				CLANG_WARN_DIRECT_OBJC_ISA_USAGE = YES_ERROR;
				CLANG_WARN_DOCUMENTATION_COMMENTS = YES;
				CLANG_WARN_EMPTY_BODY = YES;
				CLANG_WARN_ENUM_CONVERSION = YES;
				CLANG_WARN_INFINITE_RECURSION = YES;
				CLANG_WARN_INT_CONVERSION = YES;
				CLANG_WARN_NON_LITERAL_NULL_CONVERSION = YES;
				CLANG_WARN_OBJC_IMPLICIT_RETAIN_SELF = YES;
				CLANG_WARN_OBJC_LITERAL_CONVERSION = YES;
				CLANG_WARN_OBJC_ROOT_CLASS = YES_ERROR;
				CLANG_WARN_RANGE_LOOP_ANALYSIS = YES;
				CLANG_WARN_STRICT_PROTOTYPES = YES;
				CLANG_WARN_SUSPICIOUS_MOVE = YES;
				CLANG_WARN_UNGUARDED_AVAILABILITY = YES_AGGRESSIVE;
				CLANG_WARN_UNREACHABLE_CODE = YES;
				CLANG_WARN__DUPLICATE_METHOD_MATCH = YES;
				CODE_SIGN_IDENTITY = "iPhone Developer";
				COPY_PHASE_STRIP = NO;
				DEBUG_INFORMATION_FORMAT = dwarf;
				ENABLE_STRICT_OBJC_MSGSEND = YES;
				ENABLE_TESTABILITY = YES;
				GCC_C_LANGUAGE_STANDARD = gnu11;
				GCC_DYNAMIC_NO_PIC = NO;
				GCC_NO_COMMON_BLOCKS = YES;
				GCC_OPTIMIZATION_LEVEL = 0;
				GCC_PREPROCESSOR_DEFINITIONS = (
					"DEBUG=1",
					"$(inherited)",
				);
				GCC_WARN_64_TO_32_BIT_CONVERSION = YES;
				GCC_WARN_ABOUT_RETURN_TYPE = YES_ERROR;
				GCC_WARN_UNDECLARED_SELECTOR = YES;
				GCC_WARN_UNINITIALIZED_AUTOS = YES_AGGRESSIVE;
				GCC_WARN_UNUSED_FUNCTION = YES;
				GCC_WARN_UNUSED_VARIABLE = YES;
				IPHONEOS_DEPLOYMENT_TARGET = 11.4;
				MTL_ENABLE_DEBUG_INFO = YES;
				ONLY_ACTIVE_ARCH = YES;
				SDKROOT = iphoneos;
				SWIFT_ACTIVE_COMPILATION_CONDITIONS = DEBUG;
				SWIFT_OPTIMIZATION_LEVEL = "-Onone";
			};
			name = Debug;
		};
		180B6B232101FFCB00118B3B /* Release */ = {
			isa = XCBuildConfiguration;
			buildSettings = {
				ALWAYS_SEARCH_USER_PATHS = NO;
				CLANG_ANALYZER_NONNULL = YES;
				CLANG_ANALYZER_NUMBER_OBJECT_CONVERSION = YES_AGGRESSIVE;
				CLANG_CXX_LANGUAGE_STANDARD = "gnu++14";
				CLANG_CXX_LIBRARY = "libc++";
				CLANG_ENABLE_MODULES = YES;
				CLANG_ENABLE_OBJC_ARC = YES;
				CLANG_ENABLE_OBJC_WEAK = YES;
				CLANG_WARN_BLOCK_CAPTURE_AUTORELEASING = YES;
				CLANG_WARN_BOOL_CONVERSION = YES;
				CLANG_WARN_COMMA = YES;
				CLANG_WARN_CONSTANT_CONVERSION = YES;
				CLANG_WARN_DEPRECATED_OBJC_IMPLEMENTATIONS = YES;
				CLANG_WARN_DIRECT_OBJC_ISA_USAGE = YES_ERROR;
				CLANG_WARN_DOCUMENTATION_COMMENTS = YES;
				CLANG_WARN_EMPTY_BODY = YES;
				CLANG_WARN_ENUM_CONVERSION = YES;
				CLANG_WARN_INFINITE_RECURSION = YES;
				CLANG_WARN_INT_CONVERSION = YES;
				CLANG_WARN_NON_LITERAL_NULL_CONVERSION = YES;
				CLANG_WARN_OBJC_IMPLICIT_RETAIN_SELF = YES;
				CLANG_WARN_OBJC_LITERAL_CONVERSION = YES;
				CLANG_WARN_OBJC_ROOT_CLASS = YES_ERROR;
				CLANG_WARN_RANGE_LOOP_ANALYSIS = YES;
				CLANG_WARN_STRICT_PROTOTYPES = YES;
				CLANG_WARN_SUSPICIOUS_MOVE = YES;
				CLANG_WARN_UNGUARDED_AVAILABILITY = YES_AGGRESSIVE;
				CLANG_WARN_UNREACHABLE_CODE = YES;
				CLANG_WARN__DUPLICATE_METHOD_MATCH = YES;
				CODE_SIGN_IDENTITY = "iPhone Developer";
				COPY_PHASE_STRIP = NO;
				DEBUG_INFORMATION_FORMAT = "dwarf-with-dsym";
				ENABLE_NS_ASSERTIONS = NO;
				ENABLE_STRICT_OBJC_MSGSEND = YES;
				GCC_C_LANGUAGE_STANDARD = gnu11;
				GCC_NO_COMMON_BLOCKS = YES;
				GCC_WARN_64_TO_32_BIT_CONVERSION = YES;
				GCC_WARN_ABOUT_RETURN_TYPE = YES_ERROR;
				GCC_WARN_UNDECLARED_SELECTOR = YES;
				GCC_WARN_UNINITIALIZED_AUTOS = YES_AGGRESSIVE;
				GCC_WARN_UNUSED_FUNCTION = YES;
				GCC_WARN_UNUSED_VARIABLE = YES;
				IPHONEOS_DEPLOYMENT_TARGET = 11.4;
				MTL_ENABLE_DEBUG_INFO = NO;
				SDKROOT = iphoneos;
				SWIFT_COMPILATION_MODE = wholemodule;
				SWIFT_OPTIMIZATION_LEVEL = "-O";
				VALIDATE_PRODUCT = YES;
			};
			name = Release;
		};
		180B6B252101FFCB00118B3B /* Debug */ = {
			isa = XCBuildConfiguration;
			buildSettings = {
				ASSETCATALOG_COMPILER_APPICON_NAME = AppIcon;
				CODE_SIGN_STYLE = Automatic;
				DEVELOPMENT_TEAM = 3NWJFVU6RP;
				INFOPLIST_FILE = PayUMoneyDemo/Info.plist;
				LD_RUNPATH_SEARCH_PATHS = (
					"$(inherited)",
					"@executable_path/Frameworks",
				);
				PRODUCT_BUNDLE_IDENTIFIER = com.kavitinfoline.PayUMoneyDemo;
				PRODUCT_NAME = "$(TARGET_NAME)";
				SWIFT_VERSION = 4.0;
				TARGETED_DEVICE_FAMILY = "1,2";
			};
			name = Debug;
		};
		180B6B262101FFCB00118B3B /* Release */ = {
			isa = XCBuildConfiguration;
			buildSettings = {
				ASSETCATALOG_COMPILER_APPICON_NAME = AppIcon;
				CODE_SIGN_STYLE = Automatic;
				DEVELOPMENT_TEAM = 3NWJFVU6RP;
				INFOPLIST_FILE = PayUMoneyDemo/Info.plist;
				LD_RUNPATH_SEARCH_PATHS = (
					"$(inherited)",
					"@executable_path/Frameworks",
				);
				PRODUCT_BUNDLE_IDENTIFIER = com.kavitinfoline.PayUMoneyDemo;
				PRODUCT_NAME = "$(TARGET_NAME)";
				SWIFT_VERSION = 4.0;
				TARGETED_DEVICE_FAMILY = "1,2";
			};
			name = Release;
		};
		180B6B282101FFCB00118B3B /* Debug */ = {
			isa = XCBuildConfiguration;
			buildSettings = {
				ALWAYS_EMBED_SWIFT_STANDARD_LIBRARIES = YES;
				BUNDLE_LOADER = "$(TEST_HOST)";
				CODE_SIGN_STYLE = Automatic;
				DEVELOPMENT_TEAM = 3NWJFVU6RP;
				INFOPLIST_FILE = PayUMoneyDemoTests/Info.plist;
				LD_RUNPATH_SEARCH_PATHS = (
					"$(inherited)",
					"@executable_path/Frameworks",
					"@loader_path/Frameworks",
				);
				PRODUCT_BUNDLE_IDENTIFIER = com.kavitinfoline.PayUMoneyDemoTests;
				PRODUCT_NAME = "$(TARGET_NAME)";
				SWIFT_VERSION = 4.0;
				TARGETED_DEVICE_FAMILY = "1,2";
				TEST_HOST = "$(BUILT_PRODUCTS_DIR)/PayUMoneyDemo.app/PayUMoneyDemo";
			};
			name = Debug;
		};
		180B6B292101FFCB00118B3B /* Release */ = {
			isa = XCBuildConfiguration;
			buildSettings = {
				ALWAYS_EMBED_SWIFT_STANDARD_LIBRARIES = YES;
				BUNDLE_LOADER = "$(TEST_HOST)";
				CODE_SIGN_STYLE = Automatic;
				DEVELOPMENT_TEAM = 3NWJFVU6RP;
				INFOPLIST_FILE = PayUMoneyDemoTests/Info.plist;
				LD_RUNPATH_SEARCH_PATHS = (
					"$(inherited)",
					"@executable_path/Frameworks",
					"@loader_path/Frameworks",
				);
				PRODUCT_BUNDLE_IDENTIFIER = com.kavitinfoline.PayUMoneyDemoTests;
				PRODUCT_NAME = "$(TARGET_NAME)";
				SWIFT_VERSION = 4.0;
				TARGETED_DEVICE_FAMILY = "1,2";
				TEST_HOST = "$(BUILT_PRODUCTS_DIR)/PayUMoneyDemo.app/PayUMoneyDemo";
			};
			name = Release;
		};
		180B6B2B2101FFCB00118B3B /* Debug */ = {
			isa = XCBuildConfiguration;
			buildSettings = {
				ALWAYS_EMBED_SWIFT_STANDARD_LIBRARIES = YES;
				CODE_SIGN_STYLE = Automatic;
				DEVELOPMENT_TEAM = 3NWJFVU6RP;
				INFOPLIST_FILE = PayUMoneyDemoUITests/Info.plist;
				LD_RUNPATH_SEARCH_PATHS = (
					"$(inherited)",
					"@executable_path/Frameworks",
					"@loader_path/Frameworks",
				);
				PRODUCT_BUNDLE_IDENTIFIER = com.kavitinfoline.PayUMoneyDemoUITests;
				PRODUCT_NAME = "$(TARGET_NAME)";
				SWIFT_VERSION = 4.0;
				TARGETED_DEVICE_FAMILY = "1,2";
				TEST_TARGET_NAME = PayUMoneyDemo;
			};
			name = Debug;
		};
		180B6B2C2101FFCB00118B3B /* Release */ = {
			isa = XCBuildConfiguration;
			buildSettings = {
				ALWAYS_EMBED_SWIFT_STANDARD_LIBRARIES = YES;
				CODE_SIGN_STYLE = Automatic;
				DEVELOPMENT_TEAM = 3NWJFVU6RP;
				INFOPLIST_FILE = PayUMoneyDemoUITests/Info.plist;
				LD_RUNPATH_SEARCH_PATHS = (
					"$(inherited)",
					"@executable_path/Frameworks",
					"@loader_path/Frameworks",
				);
				PRODUCT_BUNDLE_IDENTIFIER = com.kavitinfoline.PayUMoneyDemoUITests;
				PRODUCT_NAME = "$(TARGET_NAME)";
				SWIFT_VERSION = 4.0;
				TARGETED_DEVICE_FAMILY = "1,2";
				TEST_TARGET_NAME = PayUMoneyDemo;
			};
			name = Release;
		};
/* End XCBuildConfiguration section */

/* Begin XCConfigurationList section */
		180B6AF72101FFC100118B3B /* Build configuration list for PBXProject "PayUMoneyDemo" */ = {
			isa = XCConfigurationList;
			buildConfigurations = (
				180B6B222101FFCB00118B3B /* Debug */,
				180B6B232101FFCB00118B3B /* Release */,
			);
			defaultConfigurationIsVisible = 0;
			defaultConfigurationName = Release;
		};
		180B6B242101FFCB00118B3B /* Build configuration list for PBXNativeTarget "PayUMoneyDemo" */ = {
			isa = XCConfigurationList;
			buildConfigurations = (
				180B6B252101FFCB00118B3B /* Debug */,
				180B6B262101FFCB00118B3B /* Release */,
			);
			defaultConfigurationIsVisible = 0;
			defaultConfigurationName = Release;
		};
		180B6B272101FFCB00118B3B /* Build configuration list for PBXNativeTarget "PayUMoneyDemoTests" */ = {
			isa = XCConfigurationList;
			buildConfigurations = (
				180B6B282101FFCB00118B3B /* Debug */,
				180B6B292101FFCB00118B3B /* Release */,
			);
			defaultConfigurationIsVisible = 0;
			defaultConfigurationName = Release;
		};
		180B6B2A2101FFCB00118B3B /* Build configuration list for PBXNativeTarget "PayUMoneyDemoUITests" */ = {
			isa = XCConfigurationList;
			buildConfigurations = (
				180B6B2B2101FFCB00118B3B /* Debug */,
				180B6B2C2101FFCB00118B3B /* Release */,
			);
			defaultConfigurationIsVisible = 0;
			defaultConfigurationName = Release;
		};
/* End XCConfigurationList section */
	};
	rootObject = 180B6AF42101FFC100118B3B /* Project object */;
}
